
Microsoft Visual Studio Solution File, Format Version 12.00
# Visual Studio Version 17
VisualStudioVersion = 17.3.32922.545
MinimumVisualStudioVersion = 10.0.40219.1
Project("{888888A0-9F3D-457C-B088-3A5042F75D52}") = "ModuloExercise", "ModuloExercise\ModuloExercise.pyproj", "{EE980AAC-D121-489C-9651-ED0FF7A3A230}"
EndProject
Global
	GlobalSection(SolutionConfigurationPlatforms) = preSolution
		Debug|Any CPU = Debug|Any CPU
		Release|Any CPU = Release|Any CPU
	EndGlobalSection
	GlobalSection(ProjectConfigurationPlatforms) = postSolution
		{EE980AAC-D121-489C-9651-ED0FF7A3A230}.Debug|Any CPU.ActiveCfg = Debug|Any CPU
		{EE980AAC-D121-489C-9651-ED0FF7A3A230}.Release|Any CPU.ActiveCfg = Release|Any CPU
	EndGlobalSection
	GlobalSection(SolutionProperties) = preSolution
		HideSolutionNode = FALSE
	EndGlobalSection
	GlobalSection(ExtensibilityGlobals) = postSolution
		SolutionGuid = {AF6C2D6D-BF45-4E76-9C9D-BF8FAE624777}
	EndGlobalSection
EndGlobal
